// !$*UTF8*$!
{
	archiveVersion = 1;
	classes = {
	};
	objectVersion = 56;
	objects = {

/* Begin PBXBuildFile section */
		12599E9729D9FC34000247C5 /* LeaderboardView.swift in Sources */ = {isa = PBXBuildFile; fileRef = 12599E9629D9FC34000247C5 /* LeaderboardView.swift */; };
		1261D7AF29D6650400A826F3 /* BullseyeApp.swift in Sources */ = {isa = PBXBuildFile; fileRef = 1261D7AE29D6650400A826F3 /* BullseyeApp.swift */; };
		1261D7B129D6650400A826F3 /* ContentView.swift in Sources */ = {isa = PBXBuildFile; fileRef = 1261D7B029D6650400A826F3 /* ContentView.swift */; };
		1261D7B329D6650500A826F3 /* Assets.xcassets in Resources */ = {isa = PBXBuildFile; fileRef = 1261D7B229D6650500A826F3 /* Assets.xcassets */; };
		1261D7B629D6650500A826F3 /* Preview Assets.xcassets in Resources */ = {isa = PBXBuildFile; fileRef = 1261D7B529D6650500A826F3 /* Preview Assets.xcassets */; };
		128A22D229D758DC00C3E76B /* Game.swift in Sources */ = {isa = PBXBuildFile; fileRef = 128A22D129D758DC00C3E76B /* Game.swift */; };
		128A22DA29D7675300C3E76B /* BullseyeTests.swift in Sources */ = {isa = PBXBuildFile; fileRef = 128A22D929D7675300C3E76B /* BullseyeTests.swift */; };
		1290F96629D8D9500071D109 /* TextViews.swift in Sources */ = {isa = PBXBuildFile; fileRef = 1290F96529D8D9500071D109 /* TextViews.swift */; };
		1290F96829D8E52C0071D109 /* Shapes.swift in Sources */ = {isa = PBXBuildFile; fileRef = 1290F96729D8E52C0071D109 /* Shapes.swift */; };
		1290F96A29D8EC1E0071D109 /* RoundedViews.swift in Sources */ = {isa = PBXBuildFile; fileRef = 1290F96929D8EC1E0071D109 /* RoundedViews.swift */; };
		1290F96C29D8F9AD0071D109 /* BackgroundView.swift in Sources */ = {isa = PBXBuildFile; fileRef = 1290F96B29D8F9AD0071D109 /* BackgroundView.swift */; };
		129DDD7429D9DAE200728F2D /* PointsView.swift in Sources */ = {isa = PBXBuildFile; fileRef = 129DDD7329D9DAE200728F2D /* PointsView.swift */; };
		129DDD7629D9EFB900728F2D /* Constants.swift in Sources */ = {isa = PBXBuildFile; fileRef = 129DDD7529D9EFB900728F2D /* Constants.swift */; };
/* End PBXBuildFile section */

/* Begin PBXContainerItemProxy section */
		128A22DB29D7675300C3E76B /* PBXContainerItemProxy */ = {
			isa = PBXContainerItemProxy;
			containerPortal = 1261D7A329D6650400A826F3 /* Project object */;
			proxyType = 1;
			remoteGlobalIDString = 1261D7AA29D6650400A826F3;
			remoteInfo = Bullseye;
		};
/* End PBXContainerItemProxy section */

/* Begin PBXFileReference section */
		12599E9629D9FC34000247C5 /* LeaderboardView.swift */ = {isa = PBXFileReference; lastKnownFileType = sourcecode.swift; path = LeaderboardView.swift; sourceTree = "<group>"; };
		1261D7AB29D6650400A826F3 /* Bullseye.app */ = {isa = PBXFileReference; explicitFileType = wrapper.application; includeInIndex = 0; path = Bullseye.app; sourceTree = BUILT_PRODUCTS_DIR; };
		1261D7AE29D6650400A826F3 /* BullseyeApp.swift */ = {isa = PBXFileReference; lastKnownFileType = sourcecode.swift; path = BullseyeApp.swift; sourceTree = "<group>"; };
		1261D7B029D6650400A826F3 /* ContentView.swift */ = {isa = PBXFileReference; lastKnownFileType = sourcecode.swift; path = ContentView.swift; sourceTree = "<group>"; };
		1261D7B229D6650500A826F3 /* Assets.xcassets */ = {isa = PBXFileReference; lastKnownFileType = folder.assetcatalog; path = Assets.xcassets; sourceTree = "<group>"; };
		1261D7B529D6650500A826F3 /* Preview Assets.xcassets */ = {isa = PBXFileReference; lastKnownFileType = folder.assetcatalog; path = "Preview Assets.xcassets"; sourceTree = "<group>"; };
		128A22D129D758DC00C3E76B /* Game.swift */ = {isa = PBXFileReference; lastKnownFileType = sourcecode.swift; path = Game.swift; sourceTree = "<group>"; };
		128A22D729D7675300C3E76B /* BullseyeTests.xctest */ = {isa = PBXFileReference; explicitFileType = wrapper.cfbundle; includeInIndex = 0; path = BullseyeTests.xctest; sourceTree = BUILT_PRODUCTS_DIR; };
		128A22D929D7675300C3E76B /* BullseyeTests.swift */ = {isa = PBXFileReference; lastKnownFileType = sourcecode.swift; path = BullseyeTests.swift; sourceTree = "<group>"; };
		1290F96529D8D9500071D109 /* TextViews.swift */ = {isa = PBXFileReference; lastKnownFileType = sourcecode.swift; path = TextViews.swift; sourceTree = "<group>"; };
		1290F96729D8E52C0071D109 /* Shapes.swift */ = {isa = PBXFileReference; lastKnownFileType = sourcecode.swift; path = Shapes.swift; sourceTree = "<group>"; };
		1290F96929D8EC1E0071D109 /* RoundedViews.swift */ = {isa = PBXFileReference; lastKnownFileType = sourcecode.swift; path = RoundedViews.swift; sourceTree = "<group>"; };
		1290F96B29D8F9AD0071D109 /* BackgroundView.swift */ = {isa = PBXFileReference; lastKnownFileType = sourcecode.swift; path = BackgroundView.swift; sourceTree = "<group>"; };
		129DDD7329D9DAE200728F2D /* PointsView.swift */ = {isa = PBXFileReference; lastKnownFileType = sourcecode.swift; path = PointsView.swift; sourceTree = "<group>"; };
		129DDD7529D9EFB900728F2D /* Constants.swift */ = {isa = PBXFileReference; lastKnownFileType = sourcecode.swift; path = Constants.swift; sourceTree = "<group>"; };
/* End PBXFileReference section */

/* Begin PBXFrameworksBuildPhase section */
		1261D7A829D6650400A826F3 /* Frameworks */ = {
			isa = PBXFrameworksBuildPhase;
			buildActionMask = 2147483647;
			files = (
			);
			runOnlyForDeploymentPostprocessing = 0;
		};
		128A22D429D7675300C3E76B /* Frameworks */ = {
			isa = PBXFrameworksBuildPhase;
			buildActionMask = 2147483647;
			files = (
			);
			runOnlyForDeploymentPostprocessing = 0;
		};
/* End PBXFrameworksBuildPhase section */

/* Begin PBXGroup section */
		1261D7A229D6650400A826F3 = {
			isa = PBXGroup;
			children = (
				1261D7AD29D6650400A826F3 /* Bullseye */,
				128A22D829D7675300C3E76B /* BullseyeTests */,
				1261D7AC29D6650400A826F3 /* Products */,
			);
			sourceTree = "<group>";
		};
		1261D7AC29D6650400A826F3 /* Products */ = {
			isa = PBXGroup;
			children = (
				1261D7AB29D6650400A826F3 /* Bullseye.app */,
				128A22D729D7675300C3E76B /* BullseyeTests.xctest */,
			);
			name = Products;
			sourceTree = "<group>";
		};
		1261D7AD29D6650400A826F3 /* Bullseye */ = {
			isa = PBXGroup;
			children = (
				128A22D029D7541D00C3E76B /* App */,
				128A22CE29D7540500C3E76B /* Models */,
				128A22CF29D7541000C3E76B /* Views */,
				1261D7B429D6650500A826F3 /* Preview Content */,
			);
			path = Bullseye;
			sourceTree = "<group>";
		};
		1261D7B429D6650500A826F3 /* Preview Content */ = {
			isa = PBXGroup;
			children = (
				1261D7B529D6650500A826F3 /* Preview Assets.xcassets */,
			);
			path = "Preview Content";
			sourceTree = "<group>";
		};
		128A22CE29D7540500C3E76B /* Models */ = {
			isa = PBXGroup;
			children = (
				128A22D129D758DC00C3E76B /* Game.swift */,
				129DDD7529D9EFB900728F2D /* Constants.swift */,
			);
			path = Models;
			sourceTree = "<group>";
		};
		128A22CF29D7541000C3E76B /* Views */ = {
			isa = PBXGroup;
			children = (
				1261D7B029D6650400A826F3 /* ContentView.swift */,
				1290F96529D8D9500071D109 /* TextViews.swift */,
				1290F96729D8E52C0071D109 /* Shapes.swift */,
				1290F96929D8EC1E0071D109 /* RoundedViews.swift */,
				1290F96B29D8F9AD0071D109 /* BackgroundView.swift */,
				129DDD7329D9DAE200728F2D /* PointsView.swift */,
				12599E9629D9FC34000247C5 /* LeaderboardView.swift */,
			);
			path = Views;
			sourceTree = "<group>";
		};
		128A22D029D7541D00C3E76B /* App */ = {
			isa = PBXGroup;
			children = (
				1261D7AE29D6650400A826F3 /* BullseyeApp.swift */,
				1261D7B229D6650500A826F3 /* Assets.xcassets */,
			);
			path = App;
			sourceTree = "<group>";
		};
		128A22D829D7675300C3E76B /* BullseyeTests */ = {
			isa = PBXGroup;
			children = (
				128A22D929D7675300C3E76B /* BullseyeTests.swift */,
			);
			path = BullseyeTests;
			sourceTree = "<group>";
		};
/* End PBXGroup section */

/* Begin PBXNativeTarget section */
		1261D7AA29D6650400A826F3 /* Bullseye */ = {
			isa = PBXNativeTarget;
			buildConfigurationList = 1261D7B929D6650500A826F3 /* Build configuration list for PBXNativeTarget "Bullseye" */;
			buildPhases = (
				1261D7A729D6650400A826F3 /* Sources */,
				1261D7A829D6650400A826F3 /* Frameworks */,
				1261D7A929D6650400A826F3 /* Resources */,
			);
			buildRules = (
			);
			dependencies = (
			);
			name = Bullseye;
			productName = Bullseye;
			productReference = 1261D7AB29D6650400A826F3 /* Bullseye.app */;
			productType = "com.apple.product-type.application";
		};
		128A22D629D7675300C3E76B /* BullseyeTests */ = {
			isa = PBXNativeTarget;
			buildConfigurationList = 128A22DD29D7675300C3E76B /* Build configuration list for PBXNativeTarget "BullseyeTests" */;
			buildPhases = (
				128A22D329D7675300C3E76B /* Sources */,
				128A22D429D7675300C3E76B /* Frameworks */,
				128A22D529D7675300C3E76B /* Resources */,
			);
			buildRules = (
			);
			dependencies = (
				128A22DC29D7675300C3E76B /* PBXTargetDependency */,
			);
			name = BullseyeTests;
			productName = BullseyeTests;
			productReference = 128A22D729D7675300C3E76B /* BullseyeTests.xctest */;
			productType = "com.apple.product-type.bundle.unit-test";
		};
/* End PBXNativeTarget section */

/* Begin PBXProject section */
		1261D7A329D6650400A826F3 /* Project object */ = {
			isa = PBXProject;
			attributes = {
				BuildIndependentTargetsInParallel = 1;
				LastSwiftUpdateCheck = 1420;
				LastUpgradeCheck = 1430;
				TargetAttributes = {
					1261D7AA29D6650400A826F3 = {
						CreatedOnToolsVersion = 14.2;
					};
					128A22D629D7675300C3E76B = {
						CreatedOnToolsVersion = 14.2;
						TestTargetID = 1261D7AA29D6650400A826F3;
					};
				};
			};
			buildConfigurationList = 1261D7A629D6650400A826F3 /* Build configuration list for PBXProject "Bullseye" */;
			compatibilityVersion = "Xcode 14.0";
			developmentRegion = en;
			hasScannedForEncodings = 0;
			knownRegions = (
				en,
				Base,
			);
			mainGroup = 1261D7A229D6650400A826F3;
			productRefGroup = 1261D7AC29D6650400A826F3 /* Products */;
			projectDirPath = "";
			projectRoot = "";
			targets = (
				1261D7AA29D6650400A826F3 /* Bullseye */,
				128A22D629D7675300C3E76B /* BullseyeTests */,
			);
		};
/* End PBXProject section */

/* Begin PBXResourcesBuildPhase section */
		1261D7A929D6650400A826F3 /* Resources */ = {
			isa = PBXResourcesBuildPhase;
			buildActionMask = 2147483647;
			files = (
				1261D7B629D6650500A826F3 /* Preview Assets.xcassets in Resources */,
				1261D7B329D6650500A826F3 /* Assets.xcassets in Resources */,
			);
			runOnlyForDeploymentPostprocessing = 0;
		};
		128A22D529D7675300C3E76B /* Resources */ = {
			isa = PBXResourcesBuildPhase;
			buildActionMask = 2147483647;
			files = (
			);
			runOnlyForDeploymentPostprocessing = 0;
		};
/* End PBXResourcesBuildPhase section */

/* Begin PBXSourcesBuildPhase section */
		1261D7A729D6650400A826F3 /* Sources */ = {
			isa = PBXSourcesBuildPhase;
			buildActionMask = 2147483647;
			files = (
				12599E9729D9FC34000247C5 /* LeaderboardView.swift in Sources */,
				1290F96A29D8EC1E0071D109 /* RoundedViews.swift in Sources */,
				1261D7B129D6650400A826F3 /* ContentView.swift in Sources */,
				1290F96629D8D9500071D109 /* TextViews.swift in Sources */,
				129DDD7429D9DAE200728F2D /* PointsView.swift in Sources */,
				1290F96C29D8F9AD0071D109 /* BackgroundView.swift in Sources */,
				1290F96829D8E52C0071D109 /* Shapes.swift in Sources */,
				128A22D229D758DC00C3E76B /* Game.swift in Sources */,
				1261D7AF29D6650400A826F3 /* BullseyeApp.swift in Sources */,
				129DDD7629D9EFB900728F2D /* Constants.swift in Sources */,
			);
			runOnlyForDeploymentPostprocessing = 0;
		};
		128A22D329D7675300C3E76B /* Sources */ = {
			isa = PBXSourcesBuildPhase;
			buildActionMask = 2147483647;
			files = (
				128A22DA29D7675300C3E76B /* BullseyeTests.swift in Sources */,
			);
			runOnlyForDeploymentPostprocessing = 0;
		};
/* End PBXSourcesBuildPhase section */

/* Begin PBXTargetDependency section */
		128A22DC29D7675300C3E76B /* PBXTargetDependency */ = {
			isa = PBXTargetDependency;
			target = 1261D7AA29D6650400A826F3 /* Bullseye */;
			targetProxy = 128A22DB29D7675300C3E76B /* PBXContainerItemProxy */;
		};
/* End PBXTargetDependency section */

/* Begin XCBuildConfiguration section */
		1261D7B729D6650500A826F3 /* Debug */ = {
			isa = XCBuildConfiguration;
			buildSettings = {
				ALWAYS_SEARCH_USER_PATHS = NO;
				CLANG_ANALYZER_NONNULL = YES;
				CLANG_ANALYZER_NUMBER_OBJECT_CONVERSION = YES_AGGRESSIVE;
				CLANG_CXX_LANGUAGE_STANDARD = "gnu++20";
				CLANG_ENABLE_MODULES = YES;
				CLANG_ENABLE_OBJC_ARC = YES;
				CLANG_ENABLE_OBJC_WEAK = YES;
				CLANG_WARN_BLOCK_CAPTURE_AUTORELEASING = YES;
				CLANG_WARN_BOOL_CONVERSION = YES;
				CLANG_WARN_COMMA = YES;
				CLANG_WARN_CONSTANT_CONVERSION = YES;
				CLANG_WARN_DEPRECATED_OBJC_IMPLEMENTATIONS = YES;
				CLANG_WARN_DIRECT_OBJC_ISA_USAGE = YES_ERROR;
				CLANG_WARN_DOCUMENTATION_COMMENTS = YES;
				CLANG_WARN_EMPTY_BODY = YES;
				CLANG_WARN_ENUM_CONVERSION = YES;
				CLANG_WARN_INFINITE_RECURSION = YES;
				CLANG_WARN_INT_CONVERSION = YES;
				CLANG_WARN_NON_LITERAL_NULL_CONVERSION = YES;
				CLANG_WARN_OBJC_IMPLICIT_RETAIN_SELF = YES;
				CLANG_WARN_OBJC_LITERAL_CONVERSION = YES;
				CLANG_WARN_OBJC_ROOT_CLASS = YES_ERROR;
				CLANG_WARN_QUOTED_INCLUDE_IN_FRAMEWORK_HEADER = YES;
				CLANG_WARN_RANGE_LOOP_ANALYSIS = YES;
				CLANG_WARN_STRICT_PROTOTYPES = YES;
				CLANG_WARN_SUSPICIOUS_MOVE = YES;
				CLANG_WARN_UNGUARDED_AVAILABILITY = YES_AGGRESSIVE;
				CLANG_WARN_UNREACHABLE_CODE = YES;
				CLANG_WARN__DUPLICATE_METHOD_MATCH = YES;
				COPY_PHASE_STRIP = NO;
				DEBUG_INFORMATION_FORMAT = dwarf;
				ENABLE_STRICT_OBJC_MSGSEND = YES;
				ENABLE_TESTABILITY = YES;
				GCC_C_LANGUAGE_STANDARD = gnu11;
				GCC_DYNAMIC_NO_PIC = NO;
				GCC_NO_COMMON_BLOCKS = YES;
				GCC_OPTIMIZATION_LEVEL = 0;
				GCC_PREPROCESSOR_DEFINITIONS = (
					"DEBUG=1",
					"$(inherited)",
				);
				GCC_WARN_64_TO_32_BIT_CONVERSION = YES;
				GCC_WARN_ABOUT_RETURN_TYPE = YES_ERROR;
				GCC_WARN_UNDECLARED_SELECTOR = YES;
				GCC_WARN_UNINITIALIZED_AUTOS = YES_AGGRESSIVE;
				GCC_WARN_UNUSED_FUNCTION = YES;
				GCC_WARN_UNUSED_VARIABLE = YES;
				IPHONEOS_DEPLOYMENT_TARGET = 16.2;
				MTL_ENABLE_DEBUG_INFO = INCLUDE_SOURCE;
				MTL_FAST_MATH = YES;
				ONLY_ACTIVE_ARCH = YES;
				SDKROOT = iphoneos;
				SWIFT_ACTIVE_COMPILATION_CONDITIONS = DEBUG;
				SWIFT_OPTIMIZATION_LEVEL = "-Onone";
			};
			name = Debug;
		};
		1261D7B829D6650500A826F3 /* Release */ = {
			isa = XCBuildConfiguration;
			buildSettings = {
				ALWAYS_SEARCH_USER_PATHS = NO;
				CLANG_ANALYZER_NONNULL = YES;
				CLANG_ANALYZER_NUMBER_OBJECT_CONVERSION = YES_AGGRESSIVE;
				CLANG_CXX_LANGUAGE_STANDARD = "gnu++20";
				CLANG_ENABLE_MODULES = YES;
				CLANG_ENABLE_OBJC_ARC = YES;
				CLANG_ENABLE_OBJC_WEAK = YES;
				CLANG_WARN_BLOCK_CAPTURE_AUTORELEASING = YES;
				CLANG_WARN_BOOL_CONVERSION = YES;
				CLANG_WARN_COMMA = YES;
				CLANG_WARN_CONSTANT_CONVERSION = YES;
				CLANG_WARN_DEPRECATED_OBJC_IMPLEMENTATIONS = YES;
				CLANG_WARN_DIRECT_OBJC_ISA_USAGE = YES_ERROR;
				CLANG_WARN_DOCUMENTATION_COMMENTS = YES;
				CLANG_WARN_EMPTY_BODY = YES;
				CLANG_WARN_ENUM_CONVERSION = YES;
				CLANG_WARN_INFINITE_RECURSION = YES;
				CLANG_WARN_INT_CONVERSION = YES;
				CLANG_WARN_NON_LITERAL_NULL_CONVERSION = YES;
				CLANG_WARN_OBJC_IMPLICIT_RETAIN_SELF = YES;
				CLANG_WARN_OBJC_LITERAL_CONVERSION = YES;
				CLANG_WARN_OBJC_ROOT_CLASS = YES_ERROR;
				CLANG_WARN_QUOTED_INCLUDE_IN_FRAMEWORK_HEADER = YES;
				CLANG_WARN_RANGE_LOOP_ANALYSIS = YES;
				CLANG_WARN_STRICT_PROTOTYPES = YES;
				CLANG_WARN_SUSPICIOUS_MOVE = YES;
				CLANG_WARN_UNGUARDED_AVAILABILITY = YES_AGGRESSIVE;
				CLANG_WARN_UNREACHABLE_CODE = YES;
				CLANG_WARN__DUPLICATE_METHOD_MATCH = YES;
				COPY_PHASE_STRIP = NO;
				DEBUG_INFORMATION_FORMAT = "dwarf-with-dsym";
				ENABLE_NS_ASSERTIONS = NO;
				ENABLE_STRICT_OBJC_MSGSEND = YES;
				GCC_C_LANGUAGE_STANDARD = gnu11;
				GCC_NO_COMMON_BLOCKS = YES;
				GCC_WARN_64_TO_32_BIT_CONVERSION = YES;
				GCC_WARN_ABOUT_RETURN_TYPE = YES_ERROR;
				GCC_WARN_UNDECLARED_SELECTOR = YES;
				GCC_WARN_UNINITIALIZED_AUTOS = YES_AGGRESSIVE;
				GCC_WARN_UNUSED_FUNCTION = YES;
				GCC_WARN_UNUSED_VARIABLE = YES;
				IPHONEOS_DEPLOYMENT_TARGET = 16.2;
				MTL_ENABLE_DEBUG_INFO = NO;
				MTL_FAST_MATH = YES;
				SDKROOT = iphoneos;
				SWIFT_COMPILATION_MODE = wholemodule;
				SWIFT_OPTIMIZATION_LEVEL = "-O";
				VALIDATE_PRODUCT = YES;
			};
			name = Release;
		};
		1261D7BA29D6650500A826F3 /* Debug */ = {
			isa = XCBuildConfiguration;
			buildSettings = {
				ASSETCATALOG_COMPILER_APPICON_NAME = AppIcon;
				ASSETCATALOG_COMPILER_GLOBAL_ACCENT_COLOR_NAME = AccentColor;
				CODE_SIGN_STYLE = Automatic;
				CURRENT_PROJECT_VERSION = 1;
				DEVELOPMENT_ASSET_PATHS = "\"Bullseye/Preview Content\"";
				DEVELOPMENT_TEAM = 6BCHZXLU4V;
				ENABLE_PREVIEWS = YES;
				GENERATE_INFOPLIST_FILE = YES;
				INFOPLIST_KEY_CFBundleDisplayName = "Bull's Eye";
				INFOPLIST_KEY_UIApplicationSceneManifest_Generation = YES;
				INFOPLIST_KEY_UIApplicationSupportsIndirectInputEvents = YES;
				INFOPLIST_KEY_UILaunchScreen_Generation = YES;
				INFOPLIST_KEY_UISupportedInterfaceOrientations_iPad = "UIInterfaceOrientationPortrait UIInterfaceOrientationPortraitUpsideDown UIInterfaceOrientationLandscapeLeft UIInterfaceOrientationLandscapeRight";
				INFOPLIST_KEY_UISupportedInterfaceOrientations_iPhone = "UIInterfaceOrientationPortrait UIInterfaceOrientationLandscapeLeft UIInterfaceOrientationLandscapeRight";
				LD_RUNPATH_SEARCH_PATHS = (
					"$(inherited)",
					"@executable_path/Frameworks",
				);
				MARKETING_VERSION = 1.0;
				PRODUCT_BUNDLE_IDENTIFIER = com.yeshusingh.Bullseye;
				PRODUCT_NAME = "$(TARGET_NAME)";
				SWIFT_EMIT_LOC_STRINGS = YES;
				SWIFT_VERSION = 5.0;
				TARGETED_DEVICE_FAMILY = "1,2";
			};
			name = Debug;
		};
		1261D7BB29D6650500A826F3 /* Release */ = {
			isa = XCBuildConfiguration;
			buildSettings = {
				ASSETCATALOG_COMPILER_APPICON_NAME = AppIcon;
				ASSETCATALOG_COMPILER_GLOBAL_ACCENT_COLOR_NAME = AccentColor;
				CODE_SIGN_STYLE = Automatic;
				CURRENT_PROJECT_VERSION = 1;
				DEVELOPMENT_ASSET_PATHS = "\"Bullseye/Preview Content\"";
				DEVELOPMENT_TEAM = 6BCHZXLU4V;
				ENABLE_PREVIEWS = YES;
				GENERATE_INFOPLIST_FILE = YES;
				INFOPLIST_KEY_CFBundleDisplayName = "Bull's Eye";
				INFOPLIST_KEY_UIApplicationSceneManifest_Generation = YES;
				INFOPLIST_KEY_UIApplicationSupportsIndirectInputEvents = YES;
				INFOPLIST_KEY_UILaunchScreen_Generation = YES;
				INFOPLIST_KEY_UISupportedInterfaceOrientations_iPad = "UIInterfaceOrientationPortrait UIInterfaceOrientationPortraitUpsideDown UIInterfaceOrientationLandscapeLeft UIInterfaceOrientationLandscapeRight";
				INFOPLIST_KEY_UISupportedInterfaceOrientations_iPhone = "UIInterfaceOrientationPortrait UIInterfaceOrientationLandscapeLeft UIInterfaceOrientationLandscapeRight";
				LD_RUNPATH_SEARCH_PATHS = (
					"$(inherited)",
					"@executable_path/Frameworks",
				);
				MARKETING_VERSION = 1.0;
				PRODUCT_BUNDLE_IDENTIFIER = com.yeshusingh.Bullseye;
				PRODUCT_NAME = "$(TARGET_NAME)";
				SWIFT_EMIT_LOC_STRINGS = YES;
				SWIFT_VERSION = 5.0;
				TARGETED_DEVICE_FAMILY = "1,2";
			};
			name = Release;
		};
		128A22DE29D7675300C3E76B /* Debug */ = {
			isa = XCBuildConfiguration;
			buildSettings = {
				BUNDLE_LOADER = "$(TEST_HOST)";
				CODE_SIGN_STYLE = Automatic;
				CURRENT_PROJECT_VERSION = 1;
				DEAD_CODE_STRIPPING = YES;
				DEVELOPMENT_TEAM = 6BCHZXLU4V;
				GENERATE_INFOPLIST_FILE = YES;
				IPHONEOS_DEPLOYMENT_TARGET = 16.2;
				MACOSX_DEPLOYMENT_TARGET = 13.1;
				MARKETING_VERSION = 1.0;
				PRODUCT_BUNDLE_IDENTIFIER = com.yeshusingh.BullseyeTests;
				PRODUCT_NAME = "$(TARGET_NAME)";
				SDKROOT = auto;
				SUPPORTED_PLATFORMS = "iphoneos iphonesimulator macosx";
				SWIFT_EMIT_LOC_STRINGS = NO;
				SWIFT_VERSION = 5.0;
				TARGETED_DEVICE_FAMILY = "1,2";
				TEST_HOST = "$(BUILT_PRODUCTS_DIR)/Bullseye.app/$(BUNDLE_EXECUTABLE_FOLDER_PATH)/Bullseye";
			};
			name = Debug;
		};
		128A22DF29D7675300C3E76B /* Release */ = {
			isa = XCBuildConfiguration;
			buildSettings = {
				BUNDLE_LOADER = "$(TEST_HOST)";
				CODE_SIGN_STYLE = Automatic;
				CURRENT_PROJECT_VERSION = 1;
				DEAD_CODE_STRIPPING = YES;
				DEVELOPMENT_TEAM = 6BCHZXLU4V;
				GENERATE_INFOPLIST_FILE = YES;
				IPHONEOS_DEPLOYMENT_TARGET = 16.2;
				MACOSX_DEPLOYMENT_TARGET = 13.1;
				MARKETING_VERSION = 1.0;
				PRODUCT_BUNDLE_IDENTIFIER = com.yeshusingh.BullseyeTests;
				PRODUCT_NAME = "$(TARGET_NAME)";
				SDKROOT = auto;
				SUPPORTED_PLATFORMS = "iphoneos iphonesimulator macosx";
				SWIFT_EMIT_LOC_STRINGS = NO;
				SWIFT_VERSION = 5.0;
				TARGETED_DEVICE_FAMILY = "1,2";
				TEST_HOST = "$(BUILT_PRODUCTS_DIR)/Bullseye.app/$(BUNDLE_EXECUTABLE_FOLDER_PATH)/Bullseye";
			};
			name = Release;
		};
/* End XCBuildConfiguration section */

/* Begin XCConfigurationList section */
		1261D7A629D6650400A826F3 /* Build configuration list for PBXProject "Bullseye" */ = {
			isa = XCConfigurationList;
			buildConfigurations = (
				1261D7B729D6650500A826F3 /* Debug */,
				1261D7B829D6650500A826F3 /* Release */,
			);
			defaultConfigurationIsVisible = 0;
			defaultConfigurationName = Release;
		};
		1261D7B929D6650500A826F3 /* Build configuration list for PBXNativeTarget "Bullseye" */ = {
			isa = XCConfigurationList;
			buildConfigurations = (
				1261D7BA29D6650500A826F3 /* Debug */,
				1261D7BB29D6650500A826F3 /* Release */,
			);
			defaultConfigurationIsVisible = 0;
			defaultConfigurationName = Release;
		};
		128A22DD29D7675300C3E76B /* Build configuration list for PBXNativeTarget "BullseyeTests" */ = {
			isa = XCConfigurationList;
			buildConfigurations = (
				128A22DE29D7675300C3E76B /* Debug */,
				128A22DF29D7675300C3E76B /* Release */,
			);
			defaultConfigurationIsVisible = 0;
			defaultConfigurationName = Release;
		};
/* End XCConfigurationList section */
	};
	rootObject = 1261D7A329D6650400A826F3 /* Project object */;
}
